
Microsoft Visual Studio Solution File, Format Version 12.00
# Visual Studio Version 16
VisualStudioVersion = 16.0.29418.71
MinimumVisualStudioVersion = 10.0.40219.1
Project("{FAE04EC0-301F-11D3-BF4B-00C04F79EFBC}") = "GetSinAndCos", "GetSinAndCos\GetSinAndCos.csproj", "{82712AE4-C8D8-40AA-9B20-A5E23EC7C0FA}"
EndProject
Global
	GlobalSection(SolutionConfigurationPlatforms) = preSolution
		Debug|Any CPU = Debug|Any CPU
		Release|Any CPU = Release|Any CPU
	EndGlobalSection
	GlobalSection(ProjectConfigurationPlatforms) = postSolution
		{82712AE4-C8D8-40AA-9B20-A5E23EC7C0FA}.Debug|Any CPU.ActiveCfg = Debug|Any CPU
		{82712AE4-C8D8-40AA-9B20-A5E23EC7C0FA}.Debug|Any CPU.Build.0 = Debug|Any CPU
		{82712AE4-C8D8-40AA-9B20-A5E23EC7C0FA}.Release|Any CPU.ActiveCfg = Release|Any CPU
		{82712AE4-C8D8-40AA-9B20-A5E23EC7C0FA}.Release|Any CPU.Build.0 = Release|Any CPU
	EndGlobalSection
	GlobalSection(SolutionProperties) = preSolution
		HideSolutionNode = FALSE
	EndGlobalSection
	GlobalSection(ExtensibilityGlobals) = postSolution
		SolutionGuid = {FDF7528E-81FF-4DAD-9FE1-74B8600488E0}
	EndGlobalSection
EndGlobal
